
Microsoft Visual Studio Solution File, Format Version 12.00
# Visual Studio Version 17
VisualStudioVersion = 17.3.32825.248
MinimumVisualStudioVersion = 10.0.40219.1
Project("{F184B08F-C81C-45F6-A57F-5ABD9991F28F}") = "ProyectoVisual", "ProyectoVisual\ProyectoVisual.vbproj", "{254A0E98-0CC9-4040-8613-B6BEBCB2D34D}"
EndProject
Global
	GlobalSection(SolutionConfigurationPlatforms) = preSolution
		Debug|Any CPU = Debug|Any CPU
		Release|Any CPU = Release|Any CPU
	EndGlobalSection
	GlobalSection(ProjectConfigurationPlatforms) = postSolution
		{254A0E98-0CC9-4040-8613-B6BEBCB2D34D}.Debug|Any CPU.ActiveCfg = Debug|Any CPU
		{254A0E98-0CC9-4040-8613-B6BEBCB2D34D}.Debug|Any CPU.Build.0 = Debug|Any CPU
		{254A0E98-0CC9-4040-8613-B6BEBCB2D34D}.Release|Any CPU.ActiveCfg = Release|Any CPU
		{254A0E98-0CC9-4040-8613-B6BEBCB2D34D}.Release|Any CPU.Build.0 = Release|Any CPU
	EndGlobalSection
	GlobalSection(SolutionProperties) = preSolution
		HideSolutionNode = FALSE
	EndGlobalSection
	GlobalSection(ExtensibilityGlobals) = postSolution
		SolutionGuid = {993811D0-FC72-48AD-85ED-39451A70AF1C}
	EndGlobalSection
EndGlobal
